{
  "name": "workreqs",
  "lockfileVersion": 3,
  "requires": true,
  "packages": {
    "": {
      "dependencies": {
        "jekyll": "^3.0.0-beta1",
        "lfs": "^0.0.4"
      }
    },
    "node_modules/jekyll": {
      "version": "3.0.0-beta1",
      "resolved": "https://registry.npmjs.org/jekyll/-/jekyll-3.0.0-beta1.tgz",
      "integrity": "sha512-aEochTAoY//2y10FPR+HDbEIdvPhH/uE94Umc8+fkS0EZUoRIbD7tTZ81QZa2/mk6qcMLzeM7lXjvOaLT6ALig==",
      "license": "MIT"
    },
    "node_modules/lfs": {
      "version": "0.0.4",
      "resolved": "https://registry.npmjs.org/lfs/-/lfs-0.0.4.tgz",
      "integrity": "sha512-sFunfJm0biPH2Im+MroawpLV7VscmeZxJQX3uvcF8LDAhOVTqrQy1SLo/NN54UmirwoP9z3chCLKgr++/9hyVQ==",
      "license": "MIT"
    }
  }
}
